dependencies:
- name: falco
  repository: https://falcosecurity.github.io/charts
  version: 4.22.0
- name: falco-exporter
  repository: https://falcosecurity.github.io/charts
  version: 0.12.1
digest: sha256:9acf1a784e3486bd868be188c1e083bce685d931f0b08210d7058d00671c699d
generated: "2025-08-10T15:52:05.496926403Z"
