dependencies:
- name: falco
  repository: https://falcosecurity.github.io/charts
  version: 7.2.1
- name: falco-exporter
  repository: https://falcosecurity.github.io/charts
  version: 0.12.1
digest: sha256:504ae35a5fafdd3f17d90076ef2ebe4f551183a9264d15f6286d4215a3a3b33d
generated: "2026-01-22T14:59:20.197878244Z"
